
Microsoft Visual Studio Solution File, Format Version 12.00
# Visual Studio Version 17
VisualStudioVersion = 17.11.35327.3
MinimumVisualStudioVersion = 10.0.40219.1
Project("{FAE04EC0-301F-11D3-BF4B-00C04F79EFBC}") = "NoteAppAPI", "NoteAppAPI.csproj", "{9A5824B2-C949-42C7-9DBD-9D1F3D57ECCA}"
EndProject
Global
	GlobalSection(SolutionConfigurationPlatforms) = preSolution
		Debug|Any CPU = Debug|Any CPU
		Release|Any CPU = Release|Any CPU
	EndGlobalSection
	GlobalSection(ProjectConfigurationPlatforms) = postSolution
		{9A5824B2-C949-42C7-9DBD-9D1F3D57ECCA}.Debug|Any CPU.ActiveCfg = Debug|Any CPU
		{9A5824B2-C949-42C7-9DBD-9D1F3D57ECCA}.Debug|Any CPU.Build.0 = Debug|Any CPU
		{9A5824B2-C949-42C7-9DBD-9D1F3D57ECCA}.Release|Any CPU.ActiveCfg = Release|Any CPU
		{9A5824B2-C949-42C7-9DBD-9D1F3D57ECCA}.Release|Any CPU.Build.0 = Release|Any CPU
	EndGlobalSection
	GlobalSection(SolutionProperties) = preSolution
		HideSolutionNode = FALSE
	EndGlobalSection
	GlobalSection(ExtensibilityGlobals) = postSolution
		SolutionGuid = {700369E7-1471-445E-9354-0B888A78A540}
	EndGlobalSection
EndGlobal
